<?xml version="1.0" encoding="utf-8"?>
<Project ToolsVersion="4.0" xmlns="http://schemas.microsoft.com/developer/msbuild/2003">
  <ItemGroup>
    <ClCompile Include="src\Graphics\window.cpp" />
    <ClCompile Include="src\Logic\input.cpp">
      <Filter>Input</Filter>
    </ClCompile>
    <ClCompile Include="src\Graphics\framebuffer.cpp" />
    <ClCompile Include="main.cpp" />
    <ClCompile Include="src\Graphics\stb_image.cpp" />
    <ClCompile Include="src\Graphics\shader.cpp" />
  </ItemGroup>
  <ItemGroup>
    <ClInclude Include="src\General\window.h">
      <Filter>Window</Filter>
    </ClInclude>
    <ClInclude Include="Advent3D.h" />
    <ClInclude Include="src\Graphics\window.h" />
    <ClInclude Include="src\Logic\input.h">
      <Filter>Input</Filter>
    </ClInclude>
    <ClInclude Include="src\Logic\entity.h" />
    <ClInclude Include="src\Graphics\framebuffer.h" />
    <ClInclude Include="src\Graphics\renderable.h" />
    <ClInclude Include="src\Graphics\shader.h" />
  </ItemGroup>
  <ItemGroup>
    <Filter Include="Input">
      <UniqueIdentifier>{5d0c9b3c-f9fe-4df0-9b17-54ab4dc04b3f}</UniqueIdentifier>
    </Filter>
    <Filter Include="Window">
      <UniqueIdentifier>{71b93ccc-22d9-469c-bc80-67eb0529767d}</UniqueIdentifier>
    </Filter>
  </ItemGroup>
  <ItemGroup>
    <None Include="ML.fs" />
    <None Include="ML.vs" />
  </ItemGroup>
</Project>