<?xml version="1.0" encoding="utf-8"?>
<Project ToolsVersion="4.0" xmlns="http://schemas.microsoft.com/developer/msbuild/2003">
  <ItemGroup>
    <ClInclude Include="src\maths\common.h" />
    <ClInclude Include="src\maths\linear_algebra.h" />
    <ClInclude Include="src\maths\linear algebra\vectors\vec2.h" />
    <ClInclude Include="src\maths\linear algebra\vectors\vec3.h" />
    <ClInclude Include="src\maths\linear algebra\vectors\vec4.h" />
    <ClInclude Include="src\maths\linear algebra\matrices\mat4.h" />
    <ClInclude Include="src\maths\maths.h" />
  </ItemGroup>
  <ItemGroup>
    <ClCompile Include="src\maths\linear algebra\vectors\vec2.cpp" />
    <ClCompile Include="src\maths\linear algebra\vectors\vec3.cpp" />
    <ClCompile Include="src\maths\linear algebra\vectors\vec4.cpp" />
    <ClCompile Include="src\maths\linear algebra\matrices\mat4.cpp" />
  </ItemGroup>
</Project>